
Microsoft Visual Studio Solution File, Format Version 12.00
# Visual Studio Version 16
VisualStudioVersion = 16.0.29926.136
MinimumVisualStudioVersion = 10.0.40219.1
Project("{9A19103F-16F7-4668-BE54-9A1E7A4F7556}") = "CoreSDK", "CoreSDK\CoreSDK.csproj", "{B000ED19-E6E6-42D0-A699-F2B002E3A014}"
EndProject
Project("{9A19103F-16F7-4668-BE54-9A1E7A4F7556}") = "Standalone.Client", "Standalone.Client\Standalone.Client.csproj", "{878DBF01-B7C1-4FA2-AE0D-0C428A81F1EA}"
EndProject
Project("{9A19103F-16F7-4668-BE54-9A1E7A4F7556}") = "Standalone.Server", "Standalone.Server\Standalone.Server.csproj", "{BE63F08A-F14C-493A-8711-27F64DEC8B44}"
EndProject
Project("{FAE04EC0-301F-11D3-BF4B-00C04F79EFBC}") = "Test.CoreSDK", "Test.CoreSDK\Test.CoreSDK.csproj", "{8121F406-2693-45D0-9F1C-28964C72C2C2}"
EndProject
Global
	GlobalSection(SolutionConfigurationPlatforms) = preSolution
		Debug|Any CPU = Debug|Any CPU
		Release|Any CPU = Release|Any CPU
	EndGlobalSection
	GlobalSection(ProjectConfigurationPlatforms) = postSolution
		{B000ED19-E6E6-42D0-A699-F2B002E3A014}.Debug|Any CPU.ActiveCfg = Debug|Any CPU
		{B000ED19-E6E6-42D0-A699-F2B002E3A014}.Debug|Any CPU.Build.0 = Debug|Any CPU
		{B000ED19-E6E6-42D0-A699-F2B002E3A014}.Release|Any CPU.ActiveCfg = Release|Any CPU
		{B000ED19-E6E6-42D0-A699-F2B002E3A014}.Release|Any CPU.Build.0 = Release|Any CPU
		{878DBF01-B7C1-4FA2-AE0D-0C428A81F1EA}.Debug|Any CPU.ActiveCfg = Debug|Any CPU
		{878DBF01-B7C1-4FA2-AE0D-0C428A81F1EA}.Debug|Any CPU.Build.0 = Debug|Any CPU
		{878DBF01-B7C1-4FA2-AE0D-0C428A81F1EA}.Release|Any CPU.ActiveCfg = Release|Any CPU
		{878DBF01-B7C1-4FA2-AE0D-0C428A81F1EA}.Release|Any CPU.Build.0 = Release|Any CPU
		{BE63F08A-F14C-493A-8711-27F64DEC8B44}.Debug|Any CPU.ActiveCfg = Debug|Any CPU
		{BE63F08A-F14C-493A-8711-27F64DEC8B44}.Debug|Any CPU.Build.0 = Debug|Any CPU
		{BE63F08A-F14C-493A-8711-27F64DEC8B44}.Release|Any CPU.ActiveCfg = Release|Any CPU
		{BE63F08A-F14C-493A-8711-27F64DEC8B44}.Release|Any CPU.Build.0 = Release|Any CPU
		{8121F406-2693-45D0-9F1C-28964C72C2C2}.Debug|Any CPU.ActiveCfg = Debug|Any CPU
		{8121F406-2693-45D0-9F1C-28964C72C2C2}.Debug|Any CPU.Build.0 = Debug|Any CPU
		{8121F406-2693-45D0-9F1C-28964C72C2C2}.Release|Any CPU.ActiveCfg = Release|Any CPU
		{8121F406-2693-45D0-9F1C-28964C72C2C2}.Release|Any CPU.Build.0 = Release|Any CPU
	EndGlobalSection
	GlobalSection(SolutionProperties) = preSolution
		HideSolutionNode = FALSE
	EndGlobalSection
	GlobalSection(ExtensibilityGlobals) = postSolution
		SolutionGuid = {E44814E2-0C1C-422C-9A22-209881B8F1E3}
	EndGlobalSection
EndGlobal
